
Microsoft Visual Studio Solution File, Format Version 12.00
# Visual Studio Version 17
VisualStudioVersion = 17.1.32421.90
MinimumVisualStudioVersion = 10.0.40219.1
Project("{FAE04EC0-301F-11D3-BF4B-00C04F79EFBC}") = "MainApp", "ChessProject\MainApp.csproj", "{1DF474FD-962D-4D53-B75B-222A5BEEF36C}"
EndProject
Project("{FAE04EC0-301F-11D3-BF4B-00C04F79EFBC}") = "Chess", "Chess\Chess.csproj", "{C211DBF3-49B7-4161-97A2-887D509FD785}"
EndProject
Global
	GlobalSection(SolutionConfigurationPlatforms) = preSolution
		Debug|Any CPU = Debug|Any CPU
		Release|Any CPU = Release|Any CPU
	EndGlobalSection
	GlobalSection(ProjectConfigurationPlatforms) = postSolution
		{1DF474FD-962D-4D53-B75B-222A5BEEF36C}.Debug|Any CPU.ActiveCfg = Debug|Any CPU
		{1DF474FD-962D-4D53-B75B-222A5BEEF36C}.Debug|Any CPU.Build.0 = Debug|Any CPU
		{1DF474FD-962D-4D53-B75B-222A5BEEF36C}.Release|Any CPU.ActiveCfg = Release|Any CPU
		{1DF474FD-962D-4D53-B75B-222A5BEEF36C}.Release|Any CPU.Build.0 = Release|Any CPU
		{C211DBF3-49B7-4161-97A2-887D509FD785}.Debug|Any CPU.ActiveCfg = Debug|Any CPU
		{C211DBF3-49B7-4161-97A2-887D509FD785}.Debug|Any CPU.Build.0 = Debug|Any CPU
		{C211DBF3-49B7-4161-97A2-887D509FD785}.Release|Any CPU.ActiveCfg = Release|Any CPU
		{C211DBF3-49B7-4161-97A2-887D509FD785}.Release|Any CPU.Build.0 = Release|Any CPU
	EndGlobalSection
	GlobalSection(SolutionProperties) = preSolution
		HideSolutionNode = FALSE
	EndGlobalSection
	GlobalSection(ExtensibilityGlobals) = postSolution
		SolutionGuid = {D921F2C0-E902-4753-95C9-0FCBEFAF065D}
	EndGlobalSection
EndGlobal
