
Microsoft Visual Studio Solution File, Format Version 12.00
# Visual Studio Version 16
VisualStudioVersion = 16.0.32413.511
MinimumVisualStudioVersion = 10.0.40219.1
Project("{FAE04EC0-301F-11D3-BF4B-00C04F79EFBC}") = "Server", "Server.csproj", "{9C870897-EF84-41A9-9589-971B49A0E529}"
EndProject
Global
	GlobalSection(SolutionConfigurationPlatforms) = preSolution
		Debug|Any CPU = Debug|Any CPU
		Release|Any CPU = Release|Any CPU
	EndGlobalSection
	GlobalSection(ProjectConfigurationPlatforms) = postSolution
		{9C870897-EF84-41A9-9589-971B49A0E529}.Debug|Any CPU.ActiveCfg = Debug|Any CPU
		{9C870897-EF84-41A9-9589-971B49A0E529}.Debug|Any CPU.Build.0 = Debug|Any CPU
		{9C870897-EF84-41A9-9589-971B49A0E529}.Release|Any CPU.ActiveCfg = Release|Any CPU
		{9C870897-EF84-41A9-9589-971B49A0E529}.Release|Any CPU.Build.0 = Release|Any CPU
	EndGlobalSection
	GlobalSection(SolutionProperties) = preSolution
		HideSolutionNode = FALSE
	EndGlobalSection
	GlobalSection(ExtensibilityGlobals) = postSolution
		SolutionGuid = {BAC317EC-030E-4583-B223-7C8D161F21D7}
	EndGlobalSection
EndGlobal
